// !$*UTF8*$!
{
	archiveVersion = 1;
	classes = {
	};
	objectVersion = 46;
	objects = {

/* Begin PBXBuildFile section */
		927BFCA91A2B8BA300CC9D59 /* main.m in Sources */ = {isa = PBXBuildFile; fileRef = 927BFCA81A2B8BA300CC9D59 /* main.m */; };
		927BFCAC1A2B8BA300CC9D59 /* AppDelegate.m in Sources */ = {isa = PBXBuildFile; fileRef = 927BFCAB1A2B8BA300CC9D59 /* AppDelegate.m */; };
		927BFCAF1A2B8BA300CC9D59 /* ViewController.m in Sources */ = {isa = PBXBuildFile; fileRef = 927BFCAE1A2B8BA300CC9D59 /* ViewController.m */; };
		927BFCB21A2B8BA300CC9D59 /* Main.storyboard in Resources */ = {isa = PBXBuildFile; fileRef = 927BFCB01A2B8BA300CC9D59 /* Main.storyboard */; };
		927BFCB41A2B8BA300CC9D59 /* Images.xcassets in Resources */ = {isa = PBXBuildFile; fileRef = 927BFCB31A2B8BA300CC9D59 /* Images.xcassets */; };
		927BFCB71A2B8BA300CC9D59 /* LaunchScreen.xib in Resources */ = {isa = PBXBuildFile; fileRef = 927BFCB51A2B8BA300CC9D59 /* LaunchScreen.xib */; };
		927BFCC31A2B8BA300CC9D59 /* MyTableViewTests.m in Sources */ = {isa = PBXBuildFile; fileRef = 927BFCC21A2B8BA300CC9D59 /* MyTableViewTests.m */; };
/* End PBXBuildFile section */

/* Begin PBXContainerItemProxy section */
		927BFCBD1A2B8BA300CC9D59 /* PBXContainerItemProxy */ = {
			isa = PBXContainerItemProxy;
			containerPortal = 927BFC9B1A2B8BA300CC9D59 /* Project object */;
			proxyType = 1;
			remoteGlobalIDString = 927BFCA21A2B8BA300CC9D59;
			remoteInfo = MyTableView;
		};
/* End PBXContainerItemProxy section */

/* Begin PBXFileReference section */
		927BFCA31A2B8BA300CC9D59 /* MyTableView.app */ = {isa = PBXFileReference; explicitFileType = wrapper.application; includeInIndex = 0; path = MyTableView.app; sourceTree = BUILT_PRODUCTS_DIR; };
		927BFCA71A2B8BA300CC9D59 /* Info.plist */ = {isa = PBXFileReference; lastKnownFileType = text.plist.xml; path = Info.plist; sourceTree = "<group>"; };
		927BFCA81A2B8BA300CC9D59 /* main.m */ = {isa = PBXFileReference; lastKnownFileType = sourcecode.c.objc; path = main.m; sourceTree = "<group>"; };
		927BFCAA1A2B8BA300CC9D59 /* AppDelegate.h */ = {isa = PBXFileReference; lastKnownFileType = sourcecode.c.h; path = AppDelegate.h; sourceTree = "<group>"; };
		927BFCAB1A2B8BA300CC9D59 /* AppDelegate.m */ = {isa = PBXFileReference; lastKnownFileType = sourcecode.c.objc; path = AppDelegate.m; sourceTree = "<group>"; };
		927BFCAD1A2B8BA300CC9D59 /* ViewController.h */ = {isa = PBXFileReference; lastKnownFileType = sourcecode.c.h; path = ViewController.h; sourceTree = "<group>"; };
		927BFCAE1A2B8BA300CC9D59 /* ViewController.m */ = {isa = PBXFileReference; lastKnownFileType = sourcecode.c.objc; path = ViewController.m; sourceTree = "<group>"; };
		927BFCB11A2B8BA300CC9D59 /* Base */ = {isa = PBXFileReference; lastKnownFileType = file.storyboard; name = Base; path = Base.lproj/Main.storyboard; sourceTree = "<group>"; };
		927BFCB31A2B8BA300CC9D59 /* Images.xcassets */ = {isa = PBXFileReference; lastKnownFileType = folder.assetcatalog; path = Images.xcassets; sourceTree = "<group>"; };
		927BFCB61A2B8BA300CC9D59 /* Base */ = {isa = PBXFileReference; lastKnownFileType = file.xib; name = Base; path = Base.lproj/LaunchScreen.xib; sourceTree = "<group>"; };
		927BFCBC1A2B8BA300CC9D59 /* MyTableViewTests.xctest */ = {isa = PBXFileReference; explicitFileType = wrapper.cfbundle; includeInIndex = 0; path = MyTableViewTests.xctest; sourceTree = BUILT_PRODUCTS_DIR; };
		927BFCC11A2B8BA300CC9D59 /* Info.plist */ = {isa = PBXFileReference; lastKnownFileType = text.plist.xml; path = Info.plist; sourceTree = "<group>"; };
		927BFCC21A2B8BA300CC9D59 /* MyTableViewTests.m */ = {isa = PBXFileReference; lastKnownFileType = sourcecode.c.objc; path = MyTableViewTests.m; sourceTree = "<group>"; };
/* End PBXFileReference section */

/* Begin PBXFrameworksBuildPhase section */
		927BFCA01A2B8BA300CC9D59 /* Frameworks */ = {
			isa = PBXFrameworksBuildPhase;
			buildActionMask = 2147483647;
			files = (
			);
			runOnlyForDeploymentPostprocessing = 0;
		};
		927BFCB91A2B8BA300CC9D59 /* Frameworks */ = {
			isa = PBXFrameworksBuildPhase;
			buildActionMask = 2147483647;
			files = (
			);
			runOnlyForDeploymentPostprocessing = 0;
		};
/* End PBXFrameworksBuildPhase section */

/* Begin PBXGroup section */
		927BFC9A1A2B8BA300CC9D59 = {
			isa = PBXGroup;
			children = (
				927BFCA51A2B8BA300CC9D59 /* MyTableView */,
				927BFCBF1A2B8BA300CC9D59 /* MyTableViewTests */,
				927BFCA41A2B8BA300CC9D59 /* Products */,
			);
			sourceTree = "<group>";
		};
		927BFCA41A2B8BA300CC9D59 /* Products */ = {
			isa = PBXGroup;
			children = (
				927BFCA31A2B8BA300CC9D59 /* MyTableView.app */,
				927BFCBC1A2B8BA300CC9D59 /* MyTableViewTests.xctest */,
			);
			name = Products;
			sourceTree = "<group>";
		};
		927BFCA51A2B8BA300CC9D59 /* MyTableView */ = {
			isa = PBXGroup;
			children = (
				927BFCAA1A2B8BA300CC9D59 /* AppDelegate.h */,
				927BFCAB1A2B8BA300CC9D59 /* AppDelegate.m */,
				927BFCAD1A2B8BA300CC9D59 /* ViewController.h */,
				927BFCAE1A2B8BA300CC9D59 /* ViewController.m */,
				927BFCB01A2B8BA300CC9D59 /* Main.storyboard */,
				927BFCB31A2B8BA300CC9D59 /* Images.xcassets */,
				927BFCB51A2B8BA300CC9D59 /* LaunchScreen.xib */,
				927BFCA61A2B8BA300CC9D59 /* Supporting Files */,
			);
			path = MyTableView;
			sourceTree = "<group>";
		};
		927BFCA61A2B8BA300CC9D59 /* Supporting Files */ = {
			isa = PBXGroup;
			children = (
				927BFCA71A2B8BA300CC9D59 /* Info.plist */,
				927BFCA81A2B8BA300CC9D59 /* main.m */,
			);
			name = "Supporting Files";
			sourceTree = "<group>";
		};
		927BFCBF1A2B8BA300CC9D59 /* MyTableViewTests */ = {
			isa = PBXGroup;
			children = (
				927BFCC21A2B8BA300CC9D59 /* MyTableViewTests.m */,
				927BFCC01A2B8BA300CC9D59 /* Supporting Files */,
			);
			path = MyTableViewTests;
			sourceTree = "<group>";
		};
		927BFCC01A2B8BA300CC9D59 /* Supporting Files */ = {
			isa = PBXGroup;
			children = (
				927BFCC11A2B8BA300CC9D59 /* Info.plist */,
			);
			name = "Supporting Files";
			sourceTree = "<group>";
		};
/* End PBXGroup section */

/* Begin PBXNativeTarget section */
		927BFCA21A2B8BA300CC9D59 /* MyTableView */ = {
			isa = PBXNativeTarget;
			buildConfigurationList = 927BFCC61A2B8BA300CC9D59 /* Build configuration list for PBXNativeTarget "MyTableView" */;
			buildPhases = (
				927BFC9F1A2B8BA300CC9D59 /* Sources */,
				927BFCA01A2B8BA300CC9D59 /* Frameworks */,
				927BFCA11A2B8BA300CC9D59 /* Resources */,
			);
			buildRules = (
			);
			dependencies = (
			);
			name = MyTableView;
			productName = MyTableView;
			productReference = 927BFCA31A2B8BA300CC9D59 /* MyTableView.app */;
			productType = "com.apple.product-type.application";
		};
		927BFCBB1A2B8BA300CC9D59 /* MyTableViewTests */ = {
			isa = PBXNativeTarget;
			buildConfigurationList = 927BFCC91A2B8BA300CC9D59 /* Build configuration list for PBXNativeTarget "MyTableViewTests" */;
			buildPhases = (
				927BFCB81A2B8BA300CC9D59 /* Sources */,
				927BFCB91A2B8BA300CC9D59 /* Frameworks */,
				927BFCBA1A2B8BA300CC9D59 /* Resources */,
			);
			buildRules = (
			);
			dependencies = (
				927BFCBE1A2B8BA300CC9D59 /* PBXTargetDependency */,
			);
			name = MyTableViewTests;
			productName = MyTableViewTests;
			productReference = 927BFCBC1A2B8BA300CC9D59 /* MyTableViewTests.xctest */;
			productType = "com.apple.product-type.bundle.unit-test";
		};
/* End PBXNativeTarget section */

/* Begin PBXProject section */
		927BFC9B1A2B8BA300CC9D59 /* Project object */ = {
			isa = PBXProject;
			attributes = {
				LastUpgradeCheck = 0610;
				ORGANIZATIONNAME = NetRunners;
				TargetAttributes = {
					927BFCA21A2B8BA300CC9D59 = {
						CreatedOnToolsVersion = 6.1;
					};
					927BFCBB1A2B8BA300CC9D59 = {
						CreatedOnToolsVersion = 6.1;
						TestTargetID = 927BFCA21A2B8BA300CC9D59;
					};
				};
			};
			buildConfigurationList = 927BFC9E1A2B8BA300CC9D59 /* Build configuration list for PBXProject "MyTableView" */;
			compatibilityVersion = "Xcode 3.2";
			developmentRegion = English;
			hasScannedForEncodings = 0;
			knownRegions = (
				en,
				Base,
			);
			mainGroup = 927BFC9A1A2B8BA300CC9D59;
			productRefGroup = 927BFCA41A2B8BA300CC9D59 /* Products */;
			projectDirPath = "";
			projectRoot = "";
			targets = (
				927BFCA21A2B8BA300CC9D59 /* MyTableView */,
				927BFCBB1A2B8BA300CC9D59 /* MyTableViewTests */,
			);
		};
/* End PBXProject section */

/* Begin PBXResourcesBuildPhase section */
		927BFCA11A2B8BA300CC9D59 /* Resources */ = {
			isa = PBXResourcesBuildPhase;
			buildActionMask = 2147483647;
			files = (
				927BFCB21A2B8BA300CC9D59 /* Main.storyboard in Resources */,
				927BFCB71A2B8BA300CC9D59 /* LaunchScreen.xib in Resources */,
				927BFCB41A2B8BA300CC9D59 /* Images.xcassets in Resources */,
			);
			runOnlyForDeploymentPostprocessing = 0;
		};
		927BFCBA1A2B8BA300CC9D59 /* Resources */ = {
			isa = PBXResourcesBuildPhase;
			buildActionMask = 2147483647;
			files = (
			);
			runOnlyForDeploymentPostprocessing = 0;
		};
/* End PBXResourcesBuildPhase section */

/* Begin PBXSourcesBuildPhase section */
		927BFC9F1A2B8BA300CC9D59 /* Sources */ = {
			isa = PBXSourcesBuildPhase;
			buildActionMask = 2147483647;
			files = (
				927BFCAF1A2B8BA300CC9D59 /* ViewController.m in Sources */,
				927BFCAC1A2B8BA300CC9D59 /* AppDelegate.m in Sources */,
				927BFCA91A2B8BA300CC9D59 /* main.m in Sources */,
			);
			runOnlyForDeploymentPostprocessing = 0;
		};
		927BFCB81A2B8BA300CC9D59 /* Sources */ = {
			isa = PBXSourcesBuildPhase;
			buildActionMask = 2147483647;
			files = (
				927BFCC31A2B8BA300CC9D59 /* MyTableViewTests.m in Sources */,
			);
			runOnlyForDeploymentPostprocessing = 0;
		};
/* End PBXSourcesBuildPhase section */

/* Begin PBXTargetDependency section */
		927BFCBE1A2B8BA300CC9D59 /* PBXTargetDependency */ = {
			isa = PBXTargetDependency;
			target = 927BFCA21A2B8BA300CC9D59 /* MyTableView */;
			targetProxy = 927BFCBD1A2B8BA300CC9D59 /* PBXContainerItemProxy */;
		};
/* End PBXTargetDependency section */

/* Begin PBXVariantGroup section */
		927BFCB01A2B8BA300CC9D59 /* Main.storyboard */ = {
			isa = PBXVariantGroup;
			children = (
				927BFCB11A2B8BA300CC9D59 /* Base */,
			);
			name = Main.storyboard;
			sourceTree = "<group>";
		};
		927BFCB51A2B8BA300CC9D59 /* LaunchScreen.xib */ = {
			isa = PBXVariantGroup;
			children = (
				927BFCB61A2B8BA300CC9D59 /* Base */,
			);
			name = LaunchScreen.xib;
			sourceTree = "<group>";
		};
/* End PBXVariantGroup section */

/* Begin XCBuildConfiguration section */
		927BFCC41A2B8BA300CC9D59 /* Debug */ = {
			isa = XCBuildConfiguration;
			buildSettings = {
				ALWAYS_SEARCH_USER_PATHS = NO;
				CLANG_CXX_LANGUAGE_STANDARD = "gnu++0x";
				CLANG_CXX_LIBRARY = "libc++";
				CLANG_ENABLE_MODULES = YES;
				CLANG_ENABLE_OBJC_ARC = YES;
				CLANG_WARN_BOOL_CONVERSION = YES;
				CLANG_WARN_CONSTANT_CONVERSION = YES;
				CLANG_WARN_DIRECT_OBJC_ISA_USAGE = YES_ERROR;
				CLANG_WARN_EMPTY_BODY = YES;
				CLANG_WARN_ENUM_CONVERSION = YES;
				CLANG_WARN_INT_CONVERSION = YES;
				CLANG_WARN_OBJC_ROOT_CLASS = YES_ERROR;
				CLANG_WARN_UNREACHABLE_CODE = YES;
				CLANG_WARN__DUPLICATE_METHOD_MATCH = YES;
				"CODE_SIGN_IDENTITY[sdk=iphoneos*]" = "iPhone Developer";
				COPY_PHASE_STRIP = NO;
				ENABLE_STRICT_OBJC_MSGSEND = YES;
				GCC_C_LANGUAGE_STANDARD = gnu99;
				GCC_DYNAMIC_NO_PIC = NO;
				GCC_OPTIMIZATION_LEVEL = 0;
				GCC_PREPROCESSOR_DEFINITIONS = (
					"DEBUG=1",
					"$(inherited)",
				);
				GCC_SYMBOLS_PRIVATE_EXTERN = NO;
				GCC_WARN_64_TO_32_BIT_CONVERSION = YES;
				GCC_WARN_ABOUT_RETURN_TYPE = YES_ERROR;
				GCC_WARN_UNDECLARED_SELECTOR = YES;
				GCC_WARN_UNINITIALIZED_AUTOS = YES_AGGRESSIVE;
				GCC_WARN_UNUSED_FUNCTION = YES;
				GCC_WARN_UNUSED_VARIABLE = YES;
				IPHONEOS_DEPLOYMENT_TARGET = 8.1;
				MTL_ENABLE_DEBUG_INFO = YES;
				ONLY_ACTIVE_ARCH = YES;
				SDKROOT = iphoneos;
				TARGETED_DEVICE_FAMILY = "1,2";
			};
			name = Debug;
		};
		927BFCC51A2B8BA300CC9D59 /* Release */ = {
			isa = XCBuildConfiguration;
			buildSettings = {
				ALWAYS_SEARCH_USER_PATHS = NO;
				CLANG_CXX_LANGUAGE_STANDARD = "gnu++0x";
				CLANG_CXX_LIBRARY = "libc++";
				CLANG_ENABLE_MODULES = YES;
				CLANG_ENABLE_OBJC_ARC = YES;
				CLANG_WARN_BOOL_CONVERSION = YES;
				CLANG_WARN_CONSTANT_CONVERSION = YES;
				CLANG_WARN_DIRECT_OBJC_ISA_USAGE = YES_ERROR;
				CLANG_WARN_EMPTY_BODY = YES;
				CLANG_WARN_ENUM_CONVERSION = YES;
				CLANG_WARN_INT_CONVERSION = YES;
				CLANG_WARN_OBJC_ROOT_CLASS = YES_ERROR;
				CLANG_WARN_UNREACHABLE_CODE = YES;
				CLANG_WARN__DUPLICATE_METHOD_MATCH = YES;
				"CODE_SIGN_IDENTITY[sdk=iphoneos*]" = "iPhone Developer";
				COPY_PHASE_STRIP = YES;
				ENABLE_NS_ASSERTIONS = NO;
				ENABLE_STRICT_OBJC_MSGSEND = YES;
				GCC_C_LANGUAGE_STANDARD = gnu99;
				GCC_WARN_64_TO_32_BIT_CONVERSION = YES;
				GCC_WARN_ABOUT_RETURN_TYPE = YES_ERROR;
				GCC_WARN_UNDECLARED_SELECTOR = YES;
				GCC_WARN_UNINITIALIZED_AUTOS = YES_AGGRESSIVE;
				GCC_WARN_UNUSED_FUNCTION = YES;
				GCC_WARN_UNUSED_VARIABLE = YES;
				IPHONEOS_DEPLOYMENT_TARGET = 8.1;
				MTL_ENABLE_DEBUG_INFO = NO;
				SDKROOT = iphoneos;
				TARGETED_DEVICE_FAMILY = "1,2";
				VALIDATE_PRODUCT = YES;
			};
			name = Release;
		};
		927BFCC71A2B8BA300CC9D59 /* Debug */ = {
			isa = XCBuildConfiguration;
			buildSettings = {
				ASSETCATALOG_COMPILER_APPICON_NAME = AppIcon;
				INFOPLIST_FILE = MyTableView/Info.plist;
				LD_RUNPATH_SEARCH_PATHS = "$(inherited) @executable_path/Frameworks";
				PRODUCT_NAME = "$(TARGET_NAME)";
			};
			name = Debug;
		};
		927BFCC81A2B8BA300CC9D59 /* Release */ = {
			isa = XCBuildConfiguration;
			buildSettings = {
				ASSETCATALOG_COMPILER_APPICON_NAME = AppIcon;
				INFOPLIST_FILE = MyTableView/Info.plist;
				LD_RUNPATH_SEARCH_PATHS = "$(inherited) @executable_path/Frameworks";
				PRODUCT_NAME = "$(TARGET_NAME)";
			};
			name = Release;
		};
		927BFCCA1A2B8BA300CC9D59 /* Debug */ = {
			isa = XCBuildConfiguration;
			buildSettings = {
				BUNDLE_LOADER = "$(TEST_HOST)";
				FRAMEWORK_SEARCH_PATHS = (
					"$(SDKROOT)/Developer/Library/Frameworks",
					"$(inherited)",
				);
				GCC_PREPROCESSOR_DEFINITIONS = (
					"DEBUG=1",
					"$(inherited)",
				);
				INFOPLIST_FILE = MyTableViewTests/Info.plist;
				LD_RUNPATH_SEARCH_PATHS = "$(inherited) @executable_path/Frameworks @loader_path/Frameworks";
				PRODUCT_NAME = "$(TARGET_NAME)";
				TEST_HOST = "$(BUILT_PRODUCTS_DIR)/MyTableView.app/MyTableView";
			};
			name = Debug;
		};
		927BFCCB1A2B8BA300CC9D59 /* Release */ = {
			isa = XCBuildConfiguration;
			buildSettings = {
				BUNDLE_LOADER = "$(TEST_HOST)";
				FRAMEWORK_SEARCH_PATHS = (
					"$(SDKROOT)/Developer/Library/Frameworks",
					"$(inherited)",
				);
				INFOPLIST_FILE = MyTableViewTests/Info.plist;
				LD_RUNPATH_SEARCH_PATHS = "$(inherited) @executable_path/Frameworks @loader_path/Frameworks";
				PRODUCT_NAME = "$(TARGET_NAME)";
				TEST_HOST = "$(BUILT_PRODUCTS_DIR)/MyTableView.app/MyTableView";
			};
			name = Release;
		};
/* End XCBuildConfiguration section */

/* Begin XCConfigurationList section */
		927BFC9E1A2B8BA300CC9D59 /* Build configuration list for PBXProject "MyTableView" */ = {
			isa = XCConfigurationList;
			buildConfigurations = (
				927BFCC41A2B8BA300CC9D59 /* Debug */,
				927BFCC51A2B8BA300CC9D59 /* Release */,
			);
			defaultConfigurationIsVisible = 0;
			defaultConfigurationName = Release;
		};
		927BFCC61A2B8BA300CC9D59 /* Build configuration list for PBXNativeTarget "MyTableView" */ = {
			isa = XCConfigurationList;
			buildConfigurations = (
				927BFCC71A2B8BA300CC9D59 /* Debug */,
				927BFCC81A2B8BA300CC9D59 /* Release */,
			);
			defaultConfigurationIsVisible = 0;
		};
		927BFCC91A2B8BA300CC9D59 /* Build configuration list for PBXNativeTarget "MyTableViewTests" */ = {
			isa = XCConfigurationList;
			buildConfigurations = (
				927BFCCA1A2B8BA300CC9D59 /* Debug */,
				927BFCCB1A2B8BA300CC9D59 /* Release */,
			);
			defaultConfigurationIsVisible = 0;
		};
/* End XCConfigurationList section */
	};
	rootObject = 927BFC9B1A2B8BA300CC9D59 /* Project object */;
}
